
Microsoft Visual Studio Solution File, Format Version 12.00
# Visual Studio Version 17
VisualStudioVersion = 17.5.002.0
MinimumVisualStudioVersion = 10.0.40219.1
Project("{9A19103F-16F7-4668-BE54-9A1E7A4F7556}") = "InteractiveReadingTool", "InteractiveReadingTool.csproj", "{8EBB1211-11C5-4A84-8F18-CF1143AB1692}"
EndProject
Global
	GlobalSection(SolutionConfigurationPlatforms) = preSolution
		Debug|Any CPU = Debug|Any CPU
		Release|Any CPU = Release|Any CPU
	EndGlobalSection
	GlobalSection(ProjectConfigurationPlatforms) = postSolution
		{8EBB1211-11C5-4A84-8F18-CF1143AB1692}.Debug|Any CPU.ActiveCfg = Debug|Any CPU
		{8EBB1211-11C5-4A84-8F18-CF1143AB1692}.Debug|Any CPU.Build.0 = Debug|Any CPU
		{8EBB1211-11C5-4A84-8F18-CF1143AB1692}.Release|Any CPU.ActiveCfg = Release|Any CPU
		{8EBB1211-11C5-4A84-8F18-CF1143AB1692}.Release|Any CPU.Build.0 = Release|Any CPU
	EndGlobalSection
	GlobalSection(SolutionProperties) = preSolution
		HideSolutionNode = FALSE
	EndGlobalSection
	GlobalSection(ExtensibilityGlobals) = postSolution
		SolutionGuid = {2DA3ED89-BD4E-45E0-B428-505878439608}
	EndGlobalSection
EndGlobal
